
Microsoft Visual Studio Solution File, Format Version 12.00
# Visual Studio Version 17
VisualStudioVersion = 17.3.32825.248
MinimumVisualStudioVersion = 10.0.40219.1
Project("{8BC9CEB8-8B4A-11D0-8D11-00A0C91BC942}") = "Ympyrä laskuri", "Ympyrä laskuri\Ympyrä laskuri.vcxproj", "{C20D1516-3AD8-4930-9807-872B1BDCDCDE}"
EndProject
Project("{8BC9CEB8-8B4A-11D0-8D11-00A0C91BC942}") = "Lämpötila muunnin (Valmis)", "Lämpötila muunnin\Lämpötila muunnin.vcxproj", "{8C76E5AB-A161-46C0-A649-E9A6BE1B69EA}"
EndProject
Project("{8BC9CEB8-8B4A-11D0-8D11-00A0C91BC942}") = "KSP Peli", "KSP Peli\KSP Peli.vcxproj", "{F3F36FB2-F178-4E89-ADD7-496B90901993}"
EndProject
Project("{8BC9CEB8-8B4A-11D0-8D11-00A0C91BC942}") = "Swicth", "Swicth\Swicth.vcxproj", "{FEF222E5-5584-43D7-B6B9-101A5365500D}"
EndProject
Project("{8BC9CEB8-8B4A-11D0-8D11-00A0C91BC942}") = "Kertotaulun kysely (Valmis)", "Kertotaulun kysely\Kertotaulun kysely.vcxproj", "{609048CB-7C4E-4AC1-94C5-D113D3167D02}"
EndProject
Project("{8BC9CEB8-8B4A-11D0-8D11-00A0C91BC942}") = "Taulukko", "Project1\Project1.vcxproj", "{CF61FB2C-F794-40EC-9468-E7F8AB575865}"
EndProject
Project("{8BC9CEB8-8B4A-11D0-8D11-00A0C91BC942}") = "Viikon tuntien laskenta", "Project2\Project2.vcxproj", "{55C5A565-8278-4A67-B56F-FEE9AE2A7529}"
EndProject
Project("{8BC9CEB8-8B4A-11D0-8D11-00A0C91BC942}") = "Project3", "Project3\Project3.vcxproj", "{8522E96A-EA39-4F52-9090-055FE25AA1E8}"
EndProject
Project("{8BC9CEB8-8B4A-11D0-8D11-00A0C91BC942}") = "Laske pinta-ala", "Laske pinta-ala\Laske pinta-ala.vcxproj", "{44471EB6-33AD-4EE0-9201-6C5B774F8C9D}"
EndProject
Project("{8BC9CEB8-8B4A-11D0-8D11-00A0C91BC942}") = "Alennuslaskuri", "Aliohjelmat\Aliohjelmat.vcxproj", "{357382FD-8914-4521-BCDD-2D75B8E2FDD2}"
EndProject
Project("{8BC9CEB8-8B4A-11D0-8D11-00A0C91BC942}") = "Keskiarvo aliohjelma laskuri", "Keskiarvo aliohjelma laskuri\Keskiarvo aliohjelma laskuri.vcxproj", "{6132265D-681A-464F-8F0E-E474A841BEBB}"
EndProject
Project("{8BC9CEB8-8B4A-11D0-8D11-00A0C91BC942}") = "Taulukon saman numeron etsintä", "Taulukon saman numeron etsintä\Taulukon saman numeron etsintä.vcxproj", "{97FAB176-2AA8-487E-ABC8-AB90A0CC76CC}"
EndProject
Project("{8BC9CEB8-8B4A-11D0-8D11-00A0C91BC942}") = "Testailu projekti", "Testailu projekti\Testailu projekti.vcxproj", "{38667B99-84EE-4DB6-ACA2-C852BC30323F}"
EndProject
Project("{8BC9CEB8-8B4A-11D0-8D11-00A0C91BC942}") = "koe testi", "koe testi\koe testi.vcxproj", "{A701B914-7E2E-4524-8B0E-F39BE8E2CCE5}"
EndProject
Project("{8BC9CEB8-8B4A-11D0-8D11-00A0C91BC942}") = "Oliot", "Oliot\Oliot.vcxproj", "{06DD4B44-C373-4D5E-A056-B993892CCA7F}"
EndProject
Project("{8BC9CEB8-8B4A-11D0-8D11-00A0C91BC942}") = "Kauppa Hinturi", "Kauppa Hinturi\Kauppa Hinturi.vcxproj", "{EFAE226B-2AFF-44A4-8C11-16B00C9D41E7}"
EndProject
Project("{8BC9CEB8-8B4A-11D0-8D11-00A0C91BC942}") = "Osoitintehtävät", "Osoitintehtävät\Osoitintehtävät.vcxproj", "{01FF8F77-6AD3-4522-9B28-018B815E0D23}"
EndProject
Project("{8BC9CEB8-8B4A-11D0-8D11-00A0C91BC942}") = "Ostoslista", "Ostoslista\Ostoslista.vcxproj", "{2434DF6E-72C0-4CEF-A87C-07F42BB8F7CB}"
EndProject
Project("{8BC9CEB8-8B4A-11D0-8D11-00A0C91BC942}") = "Kysymys kone", "Kysymys kone\Kysymys kone.vcxproj", "{23B8F664-21D8-40C4-8CC1-AC025153399B}"
EndProject
Project("{8BC9CEB8-8B4A-11D0-8D11-00A0C91BC942}") = "The projekt", "The projekt\The projekt.vcxproj", "{A4C770CF-1D0B-4E74-9B78-83D250B2E287}"
EndProject
Project("{8BC9CEB8-8B4A-11D0-8D11-00A0C91BC942}") = "Olio koe", "Olio koe\Olio koe.vcxproj", "{E4D08A5D-3D0C-4FFC-8337-ED7B55944844}"
EndProject
Global
	GlobalSection(SolutionConfigurationPlatforms) = preSolution
		Debug|Any CPU = Debug|Any CPU
		Debug|x64 = Debug|x64
		Debug|x86 = Debug|x86
		Release|Any CPU = Release|Any CPU
		Release|x64 = Release|x64
		Release|x86 = Release|x86
	EndGlobalSection
	GlobalSection(ProjectConfigurationPlatforms) = postSolution
		{C20D1516-3AD8-4930-9807-872B1BDCDCDE}.Debug|Any CPU.ActiveCfg = Debug|x64
		{C20D1516-3AD8-4930-9807-872B1BDCDCDE}.Debug|Any CPU.Build.0 = Debug|x64
		{C20D1516-3AD8-4930-9807-872B1BDCDCDE}.Debug|x64.ActiveCfg = Debug|x64
		{C20D1516-3AD8-4930-9807-872B1BDCDCDE}.Debug|x64.Build.0 = Debug|x64
		{C20D1516-3AD8-4930-9807-872B1BDCDCDE}.Debug|x86.ActiveCfg = Debug|Win32
		{C20D1516-3AD8-4930-9807-872B1BDCDCDE}.Debug|x86.Build.0 = Debug|Win32
		{C20D1516-3AD8-4930-9807-872B1BDCDCDE}.Release|Any CPU.ActiveCfg = Release|x64
		{C20D1516-3AD8-4930-9807-872B1BDCDCDE}.Release|Any CPU.Build.0 = Release|x64
		{C20D1516-3AD8-4930-9807-872B1BDCDCDE}.Release|x64.ActiveCfg = Release|x64
		{C20D1516-3AD8-4930-9807-872B1BDCDCDE}.Release|x64.Build.0 = Release|x64
		{C20D1516-3AD8-4930-9807-872B1BDCDCDE}.Release|x86.ActiveCfg = Release|Win32
		{C20D1516-3AD8-4930-9807-872B1BDCDCDE}.Release|x86.Build.0 = Release|Win32
		{8C76E5AB-A161-46C0-A649-E9A6BE1B69EA}.Debug|Any CPU.ActiveCfg = Debug|x64
		{8C76E5AB-A161-46C0-A649-E9A6BE1B69EA}.Debug|Any CPU.Build.0 = Debug|x64
		{8C76E5AB-A161-46C0-A649-E9A6BE1B69EA}.Debug|x64.ActiveCfg = Debug|x64
		{8C76E5AB-A161-46C0-A649-E9A6BE1B69EA}.Debug|x64.Build.0 = Debug|x64
		{8C76E5AB-A161-46C0-A649-E9A6BE1B69EA}.Debug|x86.ActiveCfg = Debug|Win32
		{8C76E5AB-A161-46C0-A649-E9A6BE1B69EA}.Debug|x86.Build.0 = Debug|Win32
		{8C76E5AB-A161-46C0-A649-E9A6BE1B69EA}.Release|Any CPU.ActiveCfg = Release|x64
		{8C76E5AB-A161-46C0-A649-E9A6BE1B69EA}.Release|Any CPU.Build.0 = Release|x64
		{8C76E5AB-A161-46C0-A649-E9A6BE1B69EA}.Release|x64.ActiveCfg = Release|x64
		{8C76E5AB-A161-46C0-A649-E9A6BE1B69EA}.Release|x64.Build.0 = Release|x64
		{8C76E5AB-A161-46C0-A649-E9A6BE1B69EA}.Release|x86.ActiveCfg = Release|Win32
		{8C76E5AB-A161-46C0-A649-E9A6BE1B69EA}.Release|x86.Build.0 = Release|Win32
		{F3F36FB2-F178-4E89-ADD7-496B90901993}.Debug|Any CPU.ActiveCfg = Debug|x64
		{F3F36FB2-F178-4E89-ADD7-496B90901993}.Debug|Any CPU.Build.0 = Debug|x64
		{F3F36FB2-F178-4E89-ADD7-496B90901993}.Debug|x64.ActiveCfg = Debug|x64
		{F3F36FB2-F178-4E89-ADD7-496B90901993}.Debug|x64.Build.0 = Debug|x64
		{F3F36FB2-F178-4E89-ADD7-496B90901993}.Debug|x86.ActiveCfg = Debug|Win32
		{F3F36FB2-F178-4E89-ADD7-496B90901993}.Debug|x86.Build.0 = Debug|Win32
		{F3F36FB2-F178-4E89-ADD7-496B90901993}.Release|Any CPU.ActiveCfg = Release|x64
		{F3F36FB2-F178-4E89-ADD7-496B90901993}.Release|Any CPU.Build.0 = Release|x64
		{F3F36FB2-F178-4E89-ADD7-496B90901993}.Release|x64.ActiveCfg = Release|x64
		{F3F36FB2-F178-4E89-ADD7-496B90901993}.Release|x64.Build.0 = Release|x64
		{F3F36FB2-F178-4E89-ADD7-496B90901993}.Release|x86.ActiveCfg = Release|Win32
		{F3F36FB2-F178-4E89-ADD7-496B90901993}.Release|x86.Build.0 = Release|Win32
		{FEF222E5-5584-43D7-B6B9-101A5365500D}.Debug|Any CPU.ActiveCfg = Debug|x64
		{FEF222E5-5584-43D7-B6B9-101A5365500D}.Debug|Any CPU.Build.0 = Debug|x64
		{FEF222E5-5584-43D7-B6B9-101A5365500D}.Debug|x64.ActiveCfg = Debug|x64
		{FEF222E5-5584-43D7-B6B9-101A5365500D}.Debug|x64.Build.0 = Debug|x64
		{FEF222E5-5584-43D7-B6B9-101A5365500D}.Debug|x86.ActiveCfg = Debug|Win32
		{FEF222E5-5584-43D7-B6B9-101A5365500D}.Debug|x86.Build.0 = Debug|Win32
		{FEF222E5-5584-43D7-B6B9-101A5365500D}.Release|Any CPU.ActiveCfg = Release|x64
		{FEF222E5-5584-43D7-B6B9-101A5365500D}.Release|Any CPU.Build.0 = Release|x64
		{FEF222E5-5584-43D7-B6B9-101A5365500D}.Release|x64.ActiveCfg = Release|x64
		{FEF222E5-5584-43D7-B6B9-101A5365500D}.Release|x64.Build.0 = Release|x64
		{FEF222E5-5584-43D7-B6B9-101A5365500D}.Release|x86.ActiveCfg = Release|Win32
		{FEF222E5-5584-43D7-B6B9-101A5365500D}.Release|x86.Build.0 = Release|Win32
		{609048CB-7C4E-4AC1-94C5-D113D3167D02}.Debug|Any CPU.ActiveCfg = Debug|x64
		{609048CB-7C4E-4AC1-94C5-D113D3167D02}.Debug|Any CPU.Build.0 = Debug|x64
		{609048CB-7C4E-4AC1-94C5-D113D3167D02}.Debug|x64.ActiveCfg = Debug|x64
		{609048CB-7C4E-4AC1-94C5-D113D3167D02}.Debug|x64.Build.0 = Debug|x64
		{609048CB-7C4E-4AC1-94C5-D113D3167D02}.Debug|x86.ActiveCfg = Debug|Win32
		{609048CB-7C4E-4AC1-94C5-D113D3167D02}.Debug|x86.Build.0 = Debug|Win32
		{609048CB-7C4E-4AC1-94C5-D113D3167D02}.Release|Any CPU.ActiveCfg = Release|x64
		{609048CB-7C4E-4AC1-94C5-D113D3167D02}.Release|Any CPU.Build.0 = Release|x64
		{609048CB-7C4E-4AC1-94C5-D113D3167D02}.Release|x64.ActiveCfg = Release|x64
		{609048CB-7C4E-4AC1-94C5-D113D3167D02}.Release|x64.Build.0 = Release|x64
		{609048CB-7C4E-4AC1-94C5-D113D3167D02}.Release|x86.ActiveCfg = Release|Win32
		{609048CB-7C4E-4AC1-94C5-D113D3167D02}.Release|x86.Build.0 = Release|Win32
		{CF61FB2C-F794-40EC-9468-E7F8AB575865}.Debug|Any CPU.ActiveCfg = Debug|x64
		{CF61FB2C-F794-40EC-9468-E7F8AB575865}.Debug|Any CPU.Build.0 = Debug|x64
		{CF61FB2C-F794-40EC-9468-E7F8AB575865}.Debug|x64.ActiveCfg = Debug|x64
		{CF61FB2C-F794-40EC-9468-E7F8AB575865}.Debug|x64.Build.0 = Debug|x64
		{CF61FB2C-F794-40EC-9468-E7F8AB575865}.Debug|x86.ActiveCfg = Debug|Win32
		{CF61FB2C-F794-40EC-9468-E7F8AB575865}.Debug|x86.Build.0 = Debug|Win32
		{CF61FB2C-F794-40EC-9468-E7F8AB575865}.Release|Any CPU.ActiveCfg = Release|x64
		{CF61FB2C-F794-40EC-9468-E7F8AB575865}.Release|Any CPU.Build.0 = Release|x64
		{CF61FB2C-F794-40EC-9468-E7F8AB575865}.Release|x64.ActiveCfg = Release|x64
		{CF61FB2C-F794-40EC-9468-E7F8AB575865}.Release|x64.Build.0 = Release|x64
		{CF61FB2C-F794-40EC-9468-E7F8AB575865}.Release|x86.ActiveCfg = Release|Win32
		{CF61FB2C-F794-40EC-9468-E7F8AB575865}.Release|x86.Build.0 = Release|Win32
		{55C5A565-8278-4A67-B56F-FEE9AE2A7529}.Debug|Any CPU.ActiveCfg = Debug|x64
		{55C5A565-8278-4A67-B56F-FEE9AE2A7529}.Debug|Any CPU.Build.0 = Debug|x64
		{55C5A565-8278-4A67-B56F-FEE9AE2A7529}.Debug|x64.ActiveCfg = Debug|x64
		{55C5A565-8278-4A67-B56F-FEE9AE2A7529}.Debug|x64.Build.0 = Debug|x64
		{55C5A565-8278-4A67-B56F-FEE9AE2A7529}.Debug|x86.ActiveCfg = Debug|Win32
		{55C5A565-8278-4A67-B56F-FEE9AE2A7529}.Debug|x86.Build.0 = Debug|Win32
		{55C5A565-8278-4A67-B56F-FEE9AE2A7529}.Release|Any CPU.ActiveCfg = Release|x64
		{55C5A565-8278-4A67-B56F-FEE9AE2A7529}.Release|Any CPU.Build.0 = Release|x64
		{55C5A565-8278-4A67-B56F-FEE9AE2A7529}.Release|x64.ActiveCfg = Release|x64
		{55C5A565-8278-4A67-B56F-FEE9AE2A7529}.Release|x64.Build.0 = Release|x64
		{55C5A565-8278-4A67-B56F-FEE9AE2A7529}.Release|x86.ActiveCfg = Release|Win32
		{55C5A565-8278-4A67-B56F-FEE9AE2A7529}.Release|x86.Build.0 = Release|Win32
		{8522E96A-EA39-4F52-9090-055FE25AA1E8}.Debug|Any CPU.ActiveCfg = Debug|x64
		{8522E96A-EA39-4F52-9090-055FE25AA1E8}.Debug|x64.ActiveCfg = Debug|x64
		{8522E96A-EA39-4F52-9090-055FE25AA1E8}.Debug|x64.Build.0 = Debug|x64
		{8522E96A-EA39-4F52-9090-055FE25AA1E8}.Debug|x86.ActiveCfg = Debug|Win32
		{8522E96A-EA39-4F52-9090-055FE25AA1E8}.Debug|x86.Build.0 = Debug|Win32
		{8522E96A-EA39-4F52-9090-055FE25AA1E8}.Release|Any CPU.ActiveCfg = Release|x64
		{8522E96A-EA39-4F52-9090-055FE25AA1E8}.Release|x64.ActiveCfg = Release|x64
		{8522E96A-EA39-4F52-9090-055FE25AA1E8}.Release|x64.Build.0 = Release|x64
		{8522E96A-EA39-4F52-9090-055FE25AA1E8}.Release|x86.ActiveCfg = Release|Win32
		{8522E96A-EA39-4F52-9090-055FE25AA1E8}.Release|x86.Build.0 = Release|Win32
		{44471EB6-33AD-4EE0-9201-6C5B774F8C9D}.Debug|Any CPU.ActiveCfg = Debug|x64
		{44471EB6-33AD-4EE0-9201-6C5B774F8C9D}.Debug|Any CPU.Build.0 = Debug|x64
		{44471EB6-33AD-4EE0-9201-6C5B774F8C9D}.Debug|x64.ActiveCfg = Debug|x64
		{44471EB6-33AD-4EE0-9201-6C5B774F8C9D}.Debug|x64.Build.0 = Debug|x64
		{44471EB6-33AD-4EE0-9201-6C5B774F8C9D}.Debug|x86.ActiveCfg = Debug|Win32
		{44471EB6-33AD-4EE0-9201-6C5B774F8C9D}.Debug|x86.Build.0 = Debug|Win32
		{44471EB6-33AD-4EE0-9201-6C5B774F8C9D}.Release|Any CPU.ActiveCfg = Release|x64
		{44471EB6-33AD-4EE0-9201-6C5B774F8C9D}.Release|Any CPU.Build.0 = Release|x64
		{44471EB6-33AD-4EE0-9201-6C5B774F8C9D}.Release|x64.ActiveCfg = Release|x64
		{44471EB6-33AD-4EE0-9201-6C5B774F8C9D}.Release|x64.Build.0 = Release|x64
		{44471EB6-33AD-4EE0-9201-6C5B774F8C9D}.Release|x86.ActiveCfg = Release|Win32
		{44471EB6-33AD-4EE0-9201-6C5B774F8C9D}.Release|x86.Build.0 = Release|Win32
		{357382FD-8914-4521-BCDD-2D75B8E2FDD2}.Debug|Any CPU.ActiveCfg = Debug|x64
		{357382FD-8914-4521-BCDD-2D75B8E2FDD2}.Debug|Any CPU.Build.0 = Debug|x64
		{357382FD-8914-4521-BCDD-2D75B8E2FDD2}.Debug|x64.ActiveCfg = Debug|x64
		{357382FD-8914-4521-BCDD-2D75B8E2FDD2}.Debug|x64.Build.0 = Debug|x64
		{357382FD-8914-4521-BCDD-2D75B8E2FDD2}.Debug|x86.ActiveCfg = Debug|Win32
		{357382FD-8914-4521-BCDD-2D75B8E2FDD2}.Debug|x86.Build.0 = Debug|Win32
		{357382FD-8914-4521-BCDD-2D75B8E2FDD2}.Release|Any CPU.ActiveCfg = Release|x64
		{357382FD-8914-4521-BCDD-2D75B8E2FDD2}.Release|Any CPU.Build.0 = Release|x64
		{357382FD-8914-4521-BCDD-2D75B8E2FDD2}.Release|x64.ActiveCfg = Release|x64
		{357382FD-8914-4521-BCDD-2D75B8E2FDD2}.Release|x64.Build.0 = Release|x64
		{357382FD-8914-4521-BCDD-2D75B8E2FDD2}.Release|x86.ActiveCfg = Release|Win32
		{357382FD-8914-4521-BCDD-2D75B8E2FDD2}.Release|x86.Build.0 = Release|Win32
		{6132265D-681A-464F-8F0E-E474A841BEBB}.Debug|Any CPU.ActiveCfg = Debug|x64
		{6132265D-681A-464F-8F0E-E474A841BEBB}.Debug|Any CPU.Build.0 = Debug|x64
		{6132265D-681A-464F-8F0E-E474A841BEBB}.Debug|x64.ActiveCfg = Debug|x64
		{6132265D-681A-464F-8F0E-E474A841BEBB}.Debug|x64.Build.0 = Debug|x64
		{6132265D-681A-464F-8F0E-E474A841BEBB}.Debug|x86.ActiveCfg = Debug|Win32
		{6132265D-681A-464F-8F0E-E474A841BEBB}.Debug|x86.Build.0 = Debug|Win32
		{6132265D-681A-464F-8F0E-E474A841BEBB}.Release|Any CPU.ActiveCfg = Release|x64
		{6132265D-681A-464F-8F0E-E474A841BEBB}.Release|Any CPU.Build.0 = Release|x64
		{6132265D-681A-464F-8F0E-E474A841BEBB}.Release|x64.ActiveCfg = Release|x64
		{6132265D-681A-464F-8F0E-E474A841BEBB}.Release|x64.Build.0 = Release|x64
		{6132265D-681A-464F-8F0E-E474A841BEBB}.Release|x86.ActiveCfg = Release|Win32
		{6132265D-681A-464F-8F0E-E474A841BEBB}.Release|x86.Build.0 = Release|Win32
		{97FAB176-2AA8-487E-ABC8-AB90A0CC76CC}.Debug|Any CPU.ActiveCfg = Debug|x64
		{97FAB176-2AA8-487E-ABC8-AB90A0CC76CC}.Debug|Any CPU.Build.0 = Debug|x64
		{97FAB176-2AA8-487E-ABC8-AB90A0CC76CC}.Debug|x64.ActiveCfg = Debug|x64
		{97FAB176-2AA8-487E-ABC8-AB90A0CC76CC}.Debug|x64.Build.0 = Debug|x64
		{97FAB176-2AA8-487E-ABC8-AB90A0CC76CC}.Debug|x86.ActiveCfg = Debug|Win32
		{97FAB176-2AA8-487E-ABC8-AB90A0CC76CC}.Debug|x86.Build.0 = Debug|Win32
		{97FAB176-2AA8-487E-ABC8-AB90A0CC76CC}.Release|Any CPU.ActiveCfg = Release|x64
		{97FAB176-2AA8-487E-ABC8-AB90A0CC76CC}.Release|Any CPU.Build.0 = Release|x64
		{97FAB176-2AA8-487E-ABC8-AB90A0CC76CC}.Release|x64.ActiveCfg = Release|x64
		{97FAB176-2AA8-487E-ABC8-AB90A0CC76CC}.Release|x64.Build.0 = Release|x64
		{97FAB176-2AA8-487E-ABC8-AB90A0CC76CC}.Release|x86.ActiveCfg = Release|Win32
		{97FAB176-2AA8-487E-ABC8-AB90A0CC76CC}.Release|x86.Build.0 = Release|Win32
		{38667B99-84EE-4DB6-ACA2-C852BC30323F}.Debug|Any CPU.ActiveCfg = Debug|x64
		{38667B99-84EE-4DB6-ACA2-C852BC30323F}.Debug|Any CPU.Build.0 = Debug|x64
		{38667B99-84EE-4DB6-ACA2-C852BC30323F}.Debug|x64.ActiveCfg = Debug|x64
		{38667B99-84EE-4DB6-ACA2-C852BC30323F}.Debug|x64.Build.0 = Debug|x64
		{38667B99-84EE-4DB6-ACA2-C852BC30323F}.Debug|x86.ActiveCfg = Debug|Win32
		{38667B99-84EE-4DB6-ACA2-C852BC30323F}.Debug|x86.Build.0 = Debug|Win32
		{38667B99-84EE-4DB6-ACA2-C852BC30323F}.Release|Any CPU.ActiveCfg = Release|x64
		{38667B99-84EE-4DB6-ACA2-C852BC30323F}.Release|Any CPU.Build.0 = Release|x64
		{38667B99-84EE-4DB6-ACA2-C852BC30323F}.Release|x64.ActiveCfg = Release|x64
		{38667B99-84EE-4DB6-ACA2-C852BC30323F}.Release|x64.Build.0 = Release|x64
		{38667B99-84EE-4DB6-ACA2-C852BC30323F}.Release|x86.ActiveCfg = Release|Win32
		{38667B99-84EE-4DB6-ACA2-C852BC30323F}.Release|x86.Build.0 = Release|Win32
		{A701B914-7E2E-4524-8B0E-F39BE8E2CCE5}.Debug|Any CPU.ActiveCfg = Debug|x64
		{A701B914-7E2E-4524-8B0E-F39BE8E2CCE5}.Debug|Any CPU.Build.0 = Debug|x64
		{A701B914-7E2E-4524-8B0E-F39BE8E2CCE5}.Debug|x64.ActiveCfg = Debug|x64
		{A701B914-7E2E-4524-8B0E-F39BE8E2CCE5}.Debug|x64.Build.0 = Debug|x64
		{A701B914-7E2E-4524-8B0E-F39BE8E2CCE5}.Debug|x86.ActiveCfg = Debug|Win32
		{A701B914-7E2E-4524-8B0E-F39BE8E2CCE5}.Debug|x86.Build.0 = Debug|Win32
		{A701B914-7E2E-4524-8B0E-F39BE8E2CCE5}.Release|Any CPU.ActiveCfg = Release|x64
		{A701B914-7E2E-4524-8B0E-F39BE8E2CCE5}.Release|Any CPU.Build.0 = Release|x64
		{A701B914-7E2E-4524-8B0E-F39BE8E2CCE5}.Release|x64.ActiveCfg = Release|x64
		{A701B914-7E2E-4524-8B0E-F39BE8E2CCE5}.Release|x64.Build.0 = Release|x64
		{A701B914-7E2E-4524-8B0E-F39BE8E2CCE5}.Release|x86.ActiveCfg = Release|Win32
		{A701B914-7E2E-4524-8B0E-F39BE8E2CCE5}.Release|x86.Build.0 = Release|Win32
		{06DD4B44-C373-4D5E-A056-B993892CCA7F}.Debug|Any CPU.ActiveCfg = Debug|x64
		{06DD4B44-C373-4D5E-A056-B993892CCA7F}.Debug|Any CPU.Build.0 = Debug|x64
		{06DD4B44-C373-4D5E-A056-B993892CCA7F}.Debug|x64.ActiveCfg = Debug|x64
		{06DD4B44-C373-4D5E-A056-B993892CCA7F}.Debug|x64.Build.0 = Debug|x64
		{06DD4B44-C373-4D5E-A056-B993892CCA7F}.Debug|x86.ActiveCfg = Debug|Win32
		{06DD4B44-C373-4D5E-A056-B993892CCA7F}.Debug|x86.Build.0 = Debug|Win32
		{06DD4B44-C373-4D5E-A056-B993892CCA7F}.Release|Any CPU.ActiveCfg = Release|x64
		{06DD4B44-C373-4D5E-A056-B993892CCA7F}.Release|Any CPU.Build.0 = Release|x64
		{06DD4B44-C373-4D5E-A056-B993892CCA7F}.Release|x64.ActiveCfg = Release|x64
		{06DD4B44-C373-4D5E-A056-B993892CCA7F}.Release|x64.Build.0 = Release|x64
		{06DD4B44-C373-4D5E-A056-B993892CCA7F}.Release|x86.ActiveCfg = Release|Win32
		{06DD4B44-C373-4D5E-A056-B993892CCA7F}.Release|x86.Build.0 = Release|Win32
		{EFAE226B-2AFF-44A4-8C11-16B00C9D41E7}.Debug|Any CPU.ActiveCfg = Debug|x64
		{EFAE226B-2AFF-44A4-8C11-16B00C9D41E7}.Debug|Any CPU.Build.0 = Debug|x64
		{EFAE226B-2AFF-44A4-8C11-16B00C9D41E7}.Debug|x64.ActiveCfg = Debug|x64
		{EFAE226B-2AFF-44A4-8C11-16B00C9D41E7}.Debug|x64.Build.0 = Debug|x64
		{EFAE226B-2AFF-44A4-8C11-16B00C9D41E7}.Debug|x86.ActiveCfg = Debug|Win32
		{EFAE226B-2AFF-44A4-8C11-16B00C9D41E7}.Debug|x86.Build.0 = Debug|Win32
		{EFAE226B-2AFF-44A4-8C11-16B00C9D41E7}.Release|Any CPU.ActiveCfg = Release|x64
		{EFAE226B-2AFF-44A4-8C11-16B00C9D41E7}.Release|Any CPU.Build.0 = Release|x64
		{EFAE226B-2AFF-44A4-8C11-16B00C9D41E7}.Release|x64.ActiveCfg = Release|x64
		{EFAE226B-2AFF-44A4-8C11-16B00C9D41E7}.Release|x64.Build.0 = Release|x64
		{EFAE226B-2AFF-44A4-8C11-16B00C9D41E7}.Release|x86.ActiveCfg = Release|Win32
		{EFAE226B-2AFF-44A4-8C11-16B00C9D41E7}.Release|x86.Build.0 = Release|Win32
		{01FF8F77-6AD3-4522-9B28-018B815E0D23}.Debug|Any CPU.ActiveCfg = Debug|x64
		{01FF8F77-6AD3-4522-9B28-018B815E0D23}.Debug|Any CPU.Build.0 = Debug|x64
		{01FF8F77-6AD3-4522-9B28-018B815E0D23}.Debug|x64.ActiveCfg = Debug|x64
		{01FF8F77-6AD3-4522-9B28-018B815E0D23}.Debug|x64.Build.0 = Debug|x64
		{01FF8F77-6AD3-4522-9B28-018B815E0D23}.Debug|x86.ActiveCfg = Debug|Win32
		{01FF8F77-6AD3-4522-9B28-018B815E0D23}.Debug|x86.Build.0 = Debug|Win32
		{01FF8F77-6AD3-4522-9B28-018B815E0D23}.Release|Any CPU.ActiveCfg = Release|x64
		{01FF8F77-6AD3-4522-9B28-018B815E0D23}.Release|Any CPU.Build.0 = Release|x64
		{01FF8F77-6AD3-4522-9B28-018B815E0D23}.Release|x64.ActiveCfg = Release|x64
		{01FF8F77-6AD3-4522-9B28-018B815E0D23}.Release|x64.Build.0 = Release|x64
		{01FF8F77-6AD3-4522-9B28-018B815E0D23}.Release|x86.ActiveCfg = Release|Win32
		{01FF8F77-6AD3-4522-9B28-018B815E0D23}.Release|x86.Build.0 = Release|Win32
		{2434DF6E-72C0-4CEF-A87C-07F42BB8F7CB}.Debug|Any CPU.ActiveCfg = Debug|x64
		{2434DF6E-72C0-4CEF-A87C-07F42BB8F7CB}.Debug|Any CPU.Build.0 = Debug|x64
		{2434DF6E-72C0-4CEF-A87C-07F42BB8F7CB}.Debug|x64.ActiveCfg = Debug|x64
		{2434DF6E-72C0-4CEF-A87C-07F42BB8F7CB}.Debug|x64.Build.0 = Debug|x64
		{2434DF6E-72C0-4CEF-A87C-07F42BB8F7CB}.Debug|x86.ActiveCfg = Debug|Win32
		{2434DF6E-72C0-4CEF-A87C-07F42BB8F7CB}.Debug|x86.Build.0 = Debug|Win32
		{2434DF6E-72C0-4CEF-A87C-07F42BB8F7CB}.Release|Any CPU.ActiveCfg = Release|x64
		{2434DF6E-72C0-4CEF-A87C-07F42BB8F7CB}.Release|Any CPU.Build.0 = Release|x64
		{2434DF6E-72C0-4CEF-A87C-07F42BB8F7CB}.Release|x64.ActiveCfg = Release|x64
		{2434DF6E-72C0-4CEF-A87C-07F42BB8F7CB}.Release|x64.Build.0 = Release|x64
		{2434DF6E-72C0-4CEF-A87C-07F42BB8F7CB}.Release|x86.ActiveCfg = Release|Win32
		{2434DF6E-72C0-4CEF-A87C-07F42BB8F7CB}.Release|x86.Build.0 = Release|Win32
		{23B8F664-21D8-40C4-8CC1-AC025153399B}.Debug|Any CPU.ActiveCfg = Debug|x64
		{23B8F664-21D8-40C4-8CC1-AC025153399B}.Debug|Any CPU.Build.0 = Debug|x64
		{23B8F664-21D8-40C4-8CC1-AC025153399B}.Debug|x64.ActiveCfg = Debug|x64
		{23B8F664-21D8-40C4-8CC1-AC025153399B}.Debug|x64.Build.0 = Debug|x64
		{23B8F664-21D8-40C4-8CC1-AC025153399B}.Debug|x86.ActiveCfg = Debug|Win32
		{23B8F664-21D8-40C4-8CC1-AC025153399B}.Debug|x86.Build.0 = Debug|Win32
		{23B8F664-21D8-40C4-8CC1-AC025153399B}.Release|Any CPU.ActiveCfg = Release|x64
		{23B8F664-21D8-40C4-8CC1-AC025153399B}.Release|Any CPU.Build.0 = Release|x64
		{23B8F664-21D8-40C4-8CC1-AC025153399B}.Release|x64.ActiveCfg = Release|x64
		{23B8F664-21D8-40C4-8CC1-AC025153399B}.Release|x64.Build.0 = Release|x64
		{23B8F664-21D8-40C4-8CC1-AC025153399B}.Release|x86.ActiveCfg = Release|Win32
		{23B8F664-21D8-40C4-8CC1-AC025153399B}.Release|x86.Build.0 = Release|Win32
		{A4C770CF-1D0B-4E74-9B78-83D250B2E287}.Debug|Any CPU.ActiveCfg = Debug|x64
		{A4C770CF-1D0B-4E74-9B78-83D250B2E287}.Debug|Any CPU.Build.0 = Debug|x64
		{A4C770CF-1D0B-4E74-9B78-83D250B2E287}.Debug|x64.ActiveCfg = Debug|x64
		{A4C770CF-1D0B-4E74-9B78-83D250B2E287}.Debug|x64.Build.0 = Debug|x64
		{A4C770CF-1D0B-4E74-9B78-83D250B2E287}.Debug|x86.ActiveCfg = Debug|Win32
		{A4C770CF-1D0B-4E74-9B78-83D250B2E287}.Debug|x86.Build.0 = Debug|Win32
		{A4C770CF-1D0B-4E74-9B78-83D250B2E287}.Release|Any CPU.ActiveCfg = Release|x64
		{A4C770CF-1D0B-4E74-9B78-83D250B2E287}.Release|Any CPU.Build.0 = Release|x64
		{A4C770CF-1D0B-4E74-9B78-83D250B2E287}.Release|x64.ActiveCfg = Release|x64
		{A4C770CF-1D0B-4E74-9B78-83D250B2E287}.Release|x64.Build.0 = Release|x64
		{A4C770CF-1D0B-4E74-9B78-83D250B2E287}.Release|x86.ActiveCfg = Release|Win32
		{A4C770CF-1D0B-4E74-9B78-83D250B2E287}.Release|x86.Build.0 = Release|Win32
		{E4D08A5D-3D0C-4FFC-8337-ED7B55944844}.Debug|Any CPU.ActiveCfg = Debug|x64
		{E4D08A5D-3D0C-4FFC-8337-ED7B55944844}.Debug|Any CPU.Build.0 = Debug|x64
		{E4D08A5D-3D0C-4FFC-8337-ED7B55944844}.Debug|x64.ActiveCfg = Debug|x64
		{E4D08A5D-3D0C-4FFC-8337-ED7B55944844}.Debug|x64.Build.0 = Debug|x64
		{E4D08A5D-3D0C-4FFC-8337-ED7B55944844}.Debug|x86.ActiveCfg = Debug|Win32
		{E4D08A5D-3D0C-4FFC-8337-ED7B55944844}.Debug|x86.Build.0 = Debug|Win32
		{E4D08A5D-3D0C-4FFC-8337-ED7B55944844}.Release|Any CPU.ActiveCfg = Release|x64
		{E4D08A5D-3D0C-4FFC-8337-ED7B55944844}.Release|Any CPU.Build.0 = Release|x64
		{E4D08A5D-3D0C-4FFC-8337-ED7B55944844}.Release|x64.ActiveCfg = Release|x64
		{E4D08A5D-3D0C-4FFC-8337-ED7B55944844}.Release|x64.Build.0 = Release|x64
		{E4D08A5D-3D0C-4FFC-8337-ED7B55944844}.Release|x86.ActiveCfg = Release|Win32
		{E4D08A5D-3D0C-4FFC-8337-ED7B55944844}.Release|x86.Build.0 = Release|Win32
	EndGlobalSection
	GlobalSection(SolutionProperties) = preSolution
		HideSolutionNode = FALSE
	EndGlobalSection
	GlobalSection(ExtensibilityGlobals) = postSolution
		SolutionGuid = {FA48465F-5A27-42E5-9B8B-FF74E5CAD698}
	EndGlobalSection
EndGlobal
