
Microsoft Visual Studio Solution File, Format Version 12.00
# Visual Studio Version 17
VisualStudioVersion = 17.3.32825.248
MinimumVisualStudioVersion = 10.0.40219.1
Project("{8BC9CEB8-8B4A-11D0-8D11-00A0C91BC942}") = "Ympyrä laskuri", "Ympyrä laskuri\Ympyrä laskuri.vcxproj", "{C20D1516-3AD8-4930-9807-872B1BDCDCDE}"
EndProject
Project("{8BC9CEB8-8B4A-11D0-8D11-00A0C91BC942}") = "Lämpötila muunnin (Valmis)", "Lämpötila muunnin\Lämpötila muunnin.vcxproj", "{8C76E5AB-A161-46C0-A649-E9A6BE1B69EA}"
EndProject
Project("{8BC9CEB8-8B4A-11D0-8D11-00A0C91BC942}") = "KSP Peli", "KSP Peli\KSP Peli.vcxproj", "{F3F36FB2-F178-4E89-ADD7-496B90901993}"
EndProject
Project("{8BC9CEB8-8B4A-11D0-8D11-00A0C91BC942}") = "Swicth", "Swicth\Swicth.vcxproj", "{FEF222E5-5584-43D7-B6B9-101A5365500D}"
EndProject
Project("{8BC9CEB8-8B4A-11D0-8D11-00A0C91BC942}") = "Kertotaulun kysely (Valmis)", "Kertotaulun kysely\Kertotaulun kysely.vcxproj", "{609048CB-7C4E-4AC1-94C5-D113D3167D02}"
EndProject
Project("{8BC9CEB8-8B4A-11D0-8D11-00A0C91BC942}") = "Taulukko", "Project1\Project1.vcxproj", "{CF61FB2C-F794-40EC-9468-E7F8AB575865}"
EndProject
Project("{8BC9CEB8-8B4A-11D0-8D11-00A0C91BC942}") = "Viikon tuntien laskenta", "Project2\Project2.vcxproj", "{55C5A565-8278-4A67-B56F-FEE9AE2A7529}"
EndProject
Project("{8BC9CEB8-8B4A-11D0-8D11-00A0C91BC942}") = "Project3", "Project3\Project3.vcxproj", "{8522E96A-EA39-4F52-9090-055FE25AA1E8}"
EndProject
Project("{8BC9CEB8-8B4A-11D0-8D11-00A0C91BC942}") = "Laske pinta-ala", "Laske pinta-ala\Laske pinta-ala.vcxproj", "{44471EB6-33AD-4EE0-9201-6C5B774F8C9D}"
EndProject
Project("{8BC9CEB8-8B4A-11D0-8D11-00A0C91BC942}") = "Alennuslaskuri", "Aliohjelmat\Aliohjelmat.vcxproj", "{357382FD-8914-4521-BCDD-2D75B8E2FDD2}"
EndProject
Project("{8BC9CEB8-8B4A-11D0-8D11-00A0C91BC942}") = "Keskiarvo aliohjelma laskuri", "Keskiarvo aliohjelma laskuri\Keskiarvo aliohjelma laskuri.vcxproj", "{6132265D-681A-464F-8F0E-E474A841BEBB}"
EndProject
Global
	GlobalSection(SolutionConfigurationPlatforms) = preSolution
		Debug|x64 = Debug|x64
		Debug|x86 = Debug|x86
		Release|x64 = Release|x64
		Release|x86 = Release|x86
	EndGlobalSection
	GlobalSection(ProjectConfigurationPlatforms) = postSolution
		{C20D1516-3AD8-4930-9807-872B1BDCDCDE}.Debug|x64.ActiveCfg = Debug|x64
		{C20D1516-3AD8-4930-9807-872B1BDCDCDE}.Debug|x64.Build.0 = Debug|x64
		{C20D1516-3AD8-4930-9807-872B1BDCDCDE}.Debug|x86.ActiveCfg = Debug|Win32
		{C20D1516-3AD8-4930-9807-872B1BDCDCDE}.Debug|x86.Build.0 = Debug|Win32
		{C20D1516-3AD8-4930-9807-872B1BDCDCDE}.Release|x64.ActiveCfg = Release|x64
		{C20D1516-3AD8-4930-9807-872B1BDCDCDE}.Release|x64.Build.0 = Release|x64
		{C20D1516-3AD8-4930-9807-872B1BDCDCDE}.Release|x86.ActiveCfg = Release|Win32
		{C20D1516-3AD8-4930-9807-872B1BDCDCDE}.Release|x86.Build.0 = Release|Win32
		{8C76E5AB-A161-46C0-A649-E9A6BE1B69EA}.Debug|x64.ActiveCfg = Debug|x64
		{8C76E5AB-A161-46C0-A649-E9A6BE1B69EA}.Debug|x64.Build.0 = Debug|x64
		{8C76E5AB-A161-46C0-A649-E9A6BE1B69EA}.Debug|x86.ActiveCfg = Debug|Win32
		{8C76E5AB-A161-46C0-A649-E9A6BE1B69EA}.Debug|x86.Build.0 = Debug|Win32
		{8C76E5AB-A161-46C0-A649-E9A6BE1B69EA}.Release|x64.ActiveCfg = Release|x64
		{8C76E5AB-A161-46C0-A649-E9A6BE1B69EA}.Release|x64.Build.0 = Release|x64
		{8C76E5AB-A161-46C0-A649-E9A6BE1B69EA}.Release|x86.ActiveCfg = Release|Win32
		{8C76E5AB-A161-46C0-A649-E9A6BE1B69EA}.Release|x86.Build.0 = Release|Win32
		{F3F36FB2-F178-4E89-ADD7-496B90901993}.Debug|x64.ActiveCfg = Debug|x64
		{F3F36FB2-F178-4E89-ADD7-496B90901993}.Debug|x64.Build.0 = Debug|x64
		{F3F36FB2-F178-4E89-ADD7-496B90901993}.Debug|x86.ActiveCfg = Debug|Win32
		{F3F36FB2-F178-4E89-ADD7-496B90901993}.Debug|x86.Build.0 = Debug|Win32
		{F3F36FB2-F178-4E89-ADD7-496B90901993}.Release|x64.ActiveCfg = Release|x64
		{F3F36FB2-F178-4E89-ADD7-496B90901993}.Release|x64.Build.0 = Release|x64
		{F3F36FB2-F178-4E89-ADD7-496B90901993}.Release|x86.ActiveCfg = Release|Win32
		{F3F36FB2-F178-4E89-ADD7-496B90901993}.Release|x86.Build.0 = Release|Win32
		{FEF222E5-5584-43D7-B6B9-101A5365500D}.Debug|x64.ActiveCfg = Debug|x64
		{FEF222E5-5584-43D7-B6B9-101A5365500D}.Debug|x64.Build.0 = Debug|x64
		{FEF222E5-5584-43D7-B6B9-101A5365500D}.Debug|x86.ActiveCfg = Debug|Win32
		{FEF222E5-5584-43D7-B6B9-101A5365500D}.Debug|x86.Build.0 = Debug|Win32
		{FEF222E5-5584-43D7-B6B9-101A5365500D}.Release|x64.ActiveCfg = Release|x64
		{FEF222E5-5584-43D7-B6B9-101A5365500D}.Release|x64.Build.0 = Release|x64
		{FEF222E5-5584-43D7-B6B9-101A5365500D}.Release|x86.ActiveCfg = Release|Win32
		{FEF222E5-5584-43D7-B6B9-101A5365500D}.Release|x86.Build.0 = Release|Win32
		{609048CB-7C4E-4AC1-94C5-D113D3167D02}.Debug|x64.ActiveCfg = Debug|x64
		{609048CB-7C4E-4AC1-94C5-D113D3167D02}.Debug|x64.Build.0 = Debug|x64
		{609048CB-7C4E-4AC1-94C5-D113D3167D02}.Debug|x86.ActiveCfg = Debug|Win32
		{609048CB-7C4E-4AC1-94C5-D113D3167D02}.Debug|x86.Build.0 = Debug|Win32
		{609048CB-7C4E-4AC1-94C5-D113D3167D02}.Release|x64.ActiveCfg = Release|x64
		{609048CB-7C4E-4AC1-94C5-D113D3167D02}.Release|x64.Build.0 = Release|x64
		{609048CB-7C4E-4AC1-94C5-D113D3167D02}.Release|x86.ActiveCfg = Release|Win32
		{609048CB-7C4E-4AC1-94C5-D113D3167D02}.Release|x86.Build.0 = Release|Win32
		{CF61FB2C-F794-40EC-9468-E7F8AB575865}.Debug|x64.ActiveCfg = Debug|x64
		{CF61FB2C-F794-40EC-9468-E7F8AB575865}.Debug|x64.Build.0 = Debug|x64
		{CF61FB2C-F794-40EC-9468-E7F8AB575865}.Debug|x86.ActiveCfg = Debug|Win32
		{CF61FB2C-F794-40EC-9468-E7F8AB575865}.Debug|x86.Build.0 = Debug|Win32
		{CF61FB2C-F794-40EC-9468-E7F8AB575865}.Release|x64.ActiveCfg = Release|x64
		{CF61FB2C-F794-40EC-9468-E7F8AB575865}.Release|x64.Build.0 = Release|x64
		{CF61FB2C-F794-40EC-9468-E7F8AB575865}.Release|x86.ActiveCfg = Release|Win32
		{CF61FB2C-F794-40EC-9468-E7F8AB575865}.Release|x86.Build.0 = Release|Win32
		{55C5A565-8278-4A67-B56F-FEE9AE2A7529}.Debug|x64.ActiveCfg = Debug|x64
		{55C5A565-8278-4A67-B56F-FEE9AE2A7529}.Debug|x64.Build.0 = Debug|x64
		{55C5A565-8278-4A67-B56F-FEE9AE2A7529}.Debug|x86.ActiveCfg = Debug|Win32
		{55C5A565-8278-4A67-B56F-FEE9AE2A7529}.Debug|x86.Build.0 = Debug|Win32
		{55C5A565-8278-4A67-B56F-FEE9AE2A7529}.Release|x64.ActiveCfg = Release|x64
		{55C5A565-8278-4A67-B56F-FEE9AE2A7529}.Release|x64.Build.0 = Release|x64
		{55C5A565-8278-4A67-B56F-FEE9AE2A7529}.Release|x86.ActiveCfg = Release|Win32
		{55C5A565-8278-4A67-B56F-FEE9AE2A7529}.Release|x86.Build.0 = Release|Win32
		{8522E96A-EA39-4F52-9090-055FE25AA1E8}.Debug|x64.ActiveCfg = Debug|x64
		{8522E96A-EA39-4F52-9090-055FE25AA1E8}.Debug|x64.Build.0 = Debug|x64
		{8522E96A-EA39-4F52-9090-055FE25AA1E8}.Debug|x86.ActiveCfg = Debug|Win32
		{8522E96A-EA39-4F52-9090-055FE25AA1E8}.Debug|x86.Build.0 = Debug|Win32
		{8522E96A-EA39-4F52-9090-055FE25AA1E8}.Release|x64.ActiveCfg = Release|x64
		{8522E96A-EA39-4F52-9090-055FE25AA1E8}.Release|x64.Build.0 = Release|x64
		{8522E96A-EA39-4F52-9090-055FE25AA1E8}.Release|x86.ActiveCfg = Release|Win32
		{8522E96A-EA39-4F52-9090-055FE25AA1E8}.Release|x86.Build.0 = Release|Win32
		{44471EB6-33AD-4EE0-9201-6C5B774F8C9D}.Debug|x64.ActiveCfg = Debug|x64
		{44471EB6-33AD-4EE0-9201-6C5B774F8C9D}.Debug|x64.Build.0 = Debug|x64
		{44471EB6-33AD-4EE0-9201-6C5B774F8C9D}.Debug|x86.ActiveCfg = Debug|Win32
		{44471EB6-33AD-4EE0-9201-6C5B774F8C9D}.Debug|x86.Build.0 = Debug|Win32
		{44471EB6-33AD-4EE0-9201-6C5B774F8C9D}.Release|x64.ActiveCfg = Release|x64
		{44471EB6-33AD-4EE0-9201-6C5B774F8C9D}.Release|x64.Build.0 = Release|x64
		{44471EB6-33AD-4EE0-9201-6C5B774F8C9D}.Release|x86.ActiveCfg = Release|Win32
		{44471EB6-33AD-4EE0-9201-6C5B774F8C9D}.Release|x86.Build.0 = Release|Win32
		{357382FD-8914-4521-BCDD-2D75B8E2FDD2}.Debug|x64.ActiveCfg = Debug|x64
		{357382FD-8914-4521-BCDD-2D75B8E2FDD2}.Debug|x64.Build.0 = Debug|x64
		{357382FD-8914-4521-BCDD-2D75B8E2FDD2}.Debug|x86.ActiveCfg = Debug|Win32
		{357382FD-8914-4521-BCDD-2D75B8E2FDD2}.Debug|x86.Build.0 = Debug|Win32
		{357382FD-8914-4521-BCDD-2D75B8E2FDD2}.Release|x64.ActiveCfg = Release|x64
		{357382FD-8914-4521-BCDD-2D75B8E2FDD2}.Release|x64.Build.0 = Release|x64
		{357382FD-8914-4521-BCDD-2D75B8E2FDD2}.Release|x86.ActiveCfg = Release|Win32
		{357382FD-8914-4521-BCDD-2D75B8E2FDD2}.Release|x86.Build.0 = Release|Win32
		{6132265D-681A-464F-8F0E-E474A841BEBB}.Debug|x64.ActiveCfg = Debug|x64
		{6132265D-681A-464F-8F0E-E474A841BEBB}.Debug|x64.Build.0 = Debug|x64
		{6132265D-681A-464F-8F0E-E474A841BEBB}.Debug|x86.ActiveCfg = Debug|Win32
		{6132265D-681A-464F-8F0E-E474A841BEBB}.Debug|x86.Build.0 = Debug|Win32
		{6132265D-681A-464F-8F0E-E474A841BEBB}.Release|x64.ActiveCfg = Release|x64
		{6132265D-681A-464F-8F0E-E474A841BEBB}.Release|x64.Build.0 = Release|x64
		{6132265D-681A-464F-8F0E-E474A841BEBB}.Release|x86.ActiveCfg = Release|Win32
		{6132265D-681A-464F-8F0E-E474A841BEBB}.Release|x86.Build.0 = Release|Win32
	EndGlobalSection
	GlobalSection(SolutionProperties) = preSolution
		HideSolutionNode = FALSE
	EndGlobalSection
	GlobalSection(ExtensibilityGlobals) = postSolution
		SolutionGuid = {FA48465F-5A27-42E5-9B8B-FF74E5CAD698}
	EndGlobalSection
EndGlobal
